
Microsoft Visual Studio Solution File, Format Version 12.00
# Visual Studio Version 16
VisualStudioVersion = 16.0.31829.152
MinimumVisualStudioVersion = 10.0.40219.1
Project("{FAE04EC0-301F-11D3-BF4B-00C04F79EFBC}") = "CountryFlag.Wpf", "CountryFlag.Wpf\CountryFlag.Wpf.csproj", "{59456144-AB86-46D3-944C-7146F3ED3F3F}"
EndProject
Project("{FAE04EC0-301F-11D3-BF4B-00C04F79EFBC}") = "Flags.Demo", "Flags.Demo\Flags.Demo.csproj", "{F0A4E26B-60EE-4636-9E6F-FF12F08D66F5}"
EndProject
Global
	GlobalSection(SolutionConfigurationPlatforms) = preSolution
		Debug|Any CPU = Debug|Any CPU
		Release|Any CPU = Release|Any CPU
	EndGlobalSection
	GlobalSection(ProjectConfigurationPlatforms) = postSolution
		{59456144-AB86-46D3-944C-7146F3ED3F3F}.Debug|Any CPU.ActiveCfg = Debug|Any CPU
		{59456144-AB86-46D3-944C-7146F3ED3F3F}.Debug|Any CPU.Build.0 = Debug|Any CPU
		{59456144-AB86-46D3-944C-7146F3ED3F3F}.Release|Any CPU.ActiveCfg = Release|Any CPU
		{59456144-AB86-46D3-944C-7146F3ED3F3F}.Release|Any CPU.Build.0 = Release|Any CPU
		{F0A4E26B-60EE-4636-9E6F-FF12F08D66F5}.Debug|Any CPU.ActiveCfg = Debug|Any CPU
		{F0A4E26B-60EE-4636-9E6F-FF12F08D66F5}.Debug|Any CPU.Build.0 = Debug|Any CPU
		{F0A4E26B-60EE-4636-9E6F-FF12F08D66F5}.Release|Any CPU.ActiveCfg = Release|Any CPU
		{F0A4E26B-60EE-4636-9E6F-FF12F08D66F5}.Release|Any CPU.Build.0 = Release|Any CPU
	EndGlobalSection
	GlobalSection(SolutionProperties) = preSolution
		HideSolutionNode = FALSE
	EndGlobalSection
	GlobalSection(ExtensibilityGlobals) = postSolution
		SolutionGuid = {DB8E062C-507A-4346-A97C-593E05A29A96}
	EndGlobalSection
EndGlobal
